github.com/breml/rootcerts v0.1.0 h1:jf/F4MHeXBi7FVAHrPq+/MBmPlGXTbUAyR977bZ0j4E=
github.com/breml/rootcerts v0.1.0/go.mod h1:24FDtzYMpqIeYC7QzaE8VPRQaFZU5TIUDlyk8qwjD88=
github.com/phayes/freeport v0.0.0-20180830031419-95f893ade6f2 h1:JhzVVoYvbOACxoUmOs6V/G4D5nPVUW73rKvXxP4XUJc=
github.com/phayes/freeport v0.0.0-20180830031419-95f893ade6f2/go.mod h1:iIss55rKnNBTvrwdmkUpLnDpZoAHvWaiq5+iMmen4AE=
